core:changelogs:
  - content: "---\npackages:\n  npm:@tiesen/effect-tanstack-query:\n    type: patch\n---\n\n## Updates & Improvements\n\n- **Refactored `useSubscription`**: Updated the subscription hook to utilize `subscriptionOptions`, providing better type inference, unified option configuration, and seamless integration with TanStack Query primitives.\n"
    filename: 2026-08-04-msdw2por.md
    v: 0.0.0
core:packages:
  - changelogIds:
      - 2026-08-04-msdw2por.md
    id: npm:@tiesen/effect-tanstack-query
    updated: true
npm:packages:
  - id: npm:@tiesen/effect-tanstack-query
